
Microsoft Visual Studio Solution File, Format Version 12.00
# Visual Studio Version 17
VisualStudioVersion = 17.2.32630.192
MinimumVisualStudioVersion = 10.0.40219.1
Project("{FAE04EC0-301F-11D3-BF4B-00C04F79EFBC}") = "conversoes-ex", "conversoes-ex.csproj", "{94C1AB2B-4AB2-48F7-9B62-3D1D7FB7194D}"
EndProject
Global
	GlobalSection(SolutionConfigurationPlatforms) = preSolution
		Debug|Any CPU = Debug|Any CPU
		Release|Any CPU = Release|Any CPU
	EndGlobalSection
	GlobalSection(ProjectConfigurationPlatforms) = postSolution
		{94C1AB2B-4AB2-48F7-9B62-3D1D7FB7194D}.Debug|Any CPU.ActiveCfg = Debug|Any CPU
		{94C1AB2B-4AB2-48F7-9B62-3D1D7FB7194D}.Debug|Any CPU.Build.0 = Debug|Any CPU
		{94C1AB2B-4AB2-48F7-9B62-3D1D7FB7194D}.Release|Any CPU.ActiveCfg = Release|Any CPU
		{94C1AB2B-4AB2-48F7-9B62-3D1D7FB7194D}.Release|Any CPU.Build.0 = Release|Any CPU
	EndGlobalSection
	GlobalSection(SolutionProperties) = preSolution
		HideSolutionNode = FALSE
	EndGlobalSection
	GlobalSection(ExtensibilityGlobals) = postSolution
		SolutionGuid = {1720C35F-34E8-4DB6-AFBE-8E9E01E450A0}
	EndGlobalSection
EndGlobal
